<?xml version="1.0" encoding="utf-8"?>
<Project ToolsVersion="4.0" xmlns="http://schemas.microsoft.com/developer/msbuild/2003">
  <ItemGroup>
    <Filter Include="소스 파일">
      <UniqueIdentifier>{4FC737F1-C7A5-4376-A066-2A32D752A2FF}</UniqueIdentifier>
      <Extensions>cpp;c;cc;cxx;c++;cppm;ixx;def;odl;idl;hpj;bat;asm;asmx</Extensions>
    </Filter>
    <Filter Include="헤더 파일">
      <UniqueIdentifier>{93995380-89BD-4b04-88EB-625FBE52EBFB}</UniqueIdentifier>
      <Extensions>h;hh;hpp;hxx;h++;hm;inl;inc;ipp;xsd</Extensions>
    </Filter>
    <Filter Include="리소스 파일">
      <UniqueIdentifier>{67DA6AB6-F800-4c08-8B7A-83BB121AAD01}</UniqueIdentifier>
      <Extensions>rc;ico;cur;bmp;dlg;rc2;rct;bin;rgs;gif;jpg;jpeg;jpe;resx;tiff;tif;png;wav;mfcribbon-ms</Extensions>
    </Filter>
  </ItemGroup>
  <ItemGroup>
    <ClCompile Include="course 2.c">
      <Filter>소스 파일</Filter>
    </ClCompile>
    <ClCompile Include="course 4.c">
      <Filter>소스 파일</Filter>
    </ClCompile>
    <ClCompile Include="course 5.c">
      <Filter>소스 파일</Filter>
    </ClCompile>
    <ClCompile Include="course 6.c">
      <Filter>소스 파일</Filter>
    </ClCompile>
    <ClCompile Include="course 7.c">
      <Filter>소스 파일</Filter>
    </ClCompile>
    <ClCompile Include="course 8.c">
      <Filter>소스 파일</Filter>
    </ClCompile>
    <ClCompile Include="course 9.c">
      <Filter>소스 파일</Filter>
    </ClCompile>
    <ClCompile Include="course 10.c">
      <Filter>소스 파일</Filter>
    </ClCompile>
    <ClCompile Include="course 11.c">
      <Filter>소스 파일</Filter>
    </ClCompile>
    <ClCompile Include="course 12.c">
      <Filter>소스 파일</Filter>
    </ClCompile>
    <ClCompile Include="course 13.c">
      <Filter>소스 파일</Filter>
    </ClCompile>
    <ClCompile Include="course 14.c">
      <Filter>소스 파일</Filter>
    </ClCompile>
    <ClCompile Include="course 15.c">
      <Filter>소스 파일</Filter>
    </ClCompile>
    <ClCompile Include="course 16.c">
      <Filter>소스 파일</Filter>
    </ClCompile>
    <ClCompile Include="course 17.c">
      <Filter>소스 파일</Filter>
    </ClCompile>
    <ClCompile Include="course 18.c">
      <Filter>소스 파일</Filter>
    </ClCompile>
    <ClCompile Include="course 19.c">
      <Filter>소스 파일</Filter>
    </ClCompile>
    <ClCompile Include="course 20.c">
      <Filter>소스 파일</Filter>
    </ClCompile>
    <ClCompile Include="course 21.c">
      <Filter>소스 파일</Filter>
    </ClCompile>
    <ClCompile Include="course 22.c">
      <Filter>소스 파일</Filter>
    </ClCompile>
    <ClCompile Include="course 23.c">
      <Filter>소스 파일</Filter>
    </ClCompile>
    <ClCompile Include="course 24.c">
      <Filter>소스 파일</Filter>
    </ClCompile>
    <ClCompile Include="course 25.c">
      <Filter>소스 파일</Filter>
    </ClCompile>
    <ClCompile Include="course 26.c">
      <Filter>소스 파일</Filter>
    </ClCompile>
    <ClCompile Include="course 27.c">
      <Filter>소스 파일</Filter>
    </ClCompile>
    <ClCompile Include="course 28.c">
      <Filter>소스 파일</Filter>
    </ClCompile>
    <ClCompile Include="course 29.c">
      <Filter>소스 파일</Filter>
    </ClCompile>
    <ClCompile Include="course 30.c">
      <Filter>소스 파일</Filter>
    </ClCompile>
    <ClCompile Include="course 31.c">
      <Filter>소스 파일</Filter>
    </ClCompile>
    <ClCompile Include="course 32.c">
      <Filter>소스 파일</Filter>
    </ClCompile>
    <ClCompile Include="course 33.c">
      <Filter>소스 파일</Filter>
    </ClCompile>
    <ClCompile Include="course 34.c">
      <Filter>소스 파일</Filter>
    </ClCompile>
  </ItemGroup>
</Project>